
Microsoft Visual Studio Solution File, Format Version 12.00
# Visual Studio Version 17
VisualStudioVersion = 17.5.33516.290
MinimumVisualStudioVersion = 10.0.40219.1
Project("{9A19103F-16F7-4668-BE54-9A1E7A4F7556}") = "JwtWithClientCredentialsDemo.WebApi", "JwtWithClientCredentialsDemo.WebApi\JwtWithClientCredentialsDemo.WebApi.csproj", "{DDB5CCC0-05B3-43D3-8872-CEC98CE6E4F0}"
EndProject
Project("{9A19103F-16F7-4668-BE54-9A1E7A4F7556}") = "JwtWithClientCredentialsDemo.Application", "JwtWithClientCredentialsDemo.Application\JwtWithClientCredentialsDemo.Application.csproj", "{0B932DC1-E36B-4448-B4A5-E72C3E9A4AAE}"
EndProject
Project("{9A19103F-16F7-4668-BE54-9A1E7A4F7556}") = "JwtWithClientCredentialsDemo.Domain", "JwtWithClientCredentialsDemo.Domain\JwtWithClientCredentialsDemo.Domain.csproj", "{60E2B5FB-5D89-4037-8B59-7E606CCEF97B}"
EndProject
Project("{9A19103F-16F7-4668-BE54-9A1E7A4F7556}") = "JwtWithClientCredentialsDemo.Infrastructure", "JwtWithClientCredentialsDemo.Infrastructure\JwtWithClientCredentialsDemo.Infrastructure.csproj", "{EE656C3E-B1BD-4DC7-8069-C650FEAF7E1A}"
EndProject
Project("{2150E333-8FDC-42A3-9474-1A3956D46DE8}") = "Tests", "Tests", "{A60806B4-F1A7-4246-BF21-C10F4F792E22}"
EndProject
Project("{9A19103F-16F7-4668-BE54-9A1E7A4F7556}") = "JwtWithClientCredentialsDemo.Domain.Tests", "JwtWithClientCredentialsDemo.Domain.Tests\JwtWithClientCredentialsDemo.Domain.Tests.csproj", "{EB468741-9931-42C7-BAD9-CD405C008DD2}"
EndProject
Project("{9A19103F-16F7-4668-BE54-9A1E7A4F7556}") = "JwtWithClientCredentialsDemo.Application.Tests", "JwtWithClientCredentialsDemo.Application.Tests\JwtWithClientCredentialsDemo.Application.Tests.csproj", "{FB1FD00B-8ED6-4ADA-B82B-3726EB3C06CD}"
EndProject
Project("{9A19103F-16F7-4668-BE54-9A1E7A4F7556}") = "JwtWithClientCredentialsDemo.Infrastructure.Tests", "JwtWithClientCredentialsDemo.Infrastructure.Tests\JwtWithClientCredentialsDemo.Infrastructure.Tests.csproj", "{2CBA0E1B-B9D5-4A67-8D2C-4F767FAE938F}"
EndProject
Project("{9A19103F-16F7-4668-BE54-9A1E7A4F7556}") = "JwtWithClientCredentialsDemo.WebApi.Tests", "JwtWithClientCredentialsDemo.WebApi.Tests\JwtWithClientCredentialsDemo.WebApi.Tests.csproj", "{C0F530F1-47AE-4935-AABF-010A8278BC98}"
EndProject
Project("{FAE04EC0-301F-11D3-BF4B-00C04F79EFBC}") = "JwtWithClientCredentialsDemo.Common.Tests", "JwtWithClientCredentialsDemo.Common.Tests\JwtWithClientCredentialsDemo.Common.Tests.csproj", "{369016FD-E783-4BB4-837B-92933C42E11C}"
EndProject
Global
	GlobalSection(SolutionConfigurationPlatforms) = preSolution
		Debug|Any CPU = Debug|Any CPU
		Release|Any CPU = Release|Any CPU
	EndGlobalSection
	GlobalSection(ProjectConfigurationPlatforms) = postSolution
		{DDB5CCC0-05B3-43D3-8872-CEC98CE6E4F0}.Debug|Any CPU.ActiveCfg = Debug|Any CPU
		{DDB5CCC0-05B3-43D3-8872-CEC98CE6E4F0}.Debug|Any CPU.Build.0 = Debug|Any CPU
		{DDB5CCC0-05B3-43D3-8872-CEC98CE6E4F0}.Release|Any CPU.ActiveCfg = Release|Any CPU
		{DDB5CCC0-05B3-43D3-8872-CEC98CE6E4F0}.Release|Any CPU.Build.0 = Release|Any CPU
		{0B932DC1-E36B-4448-B4A5-E72C3E9A4AAE}.Debug|Any CPU.ActiveCfg = Debug|Any CPU
		{0B932DC1-E36B-4448-B4A5-E72C3E9A4AAE}.Debug|Any CPU.Build.0 = Debug|Any CPU
		{0B932DC1-E36B-4448-B4A5-E72C3E9A4AAE}.Release|Any CPU.ActiveCfg = Release|Any CPU
		{0B932DC1-E36B-4448-B4A5-E72C3E9A4AAE}.Release|Any CPU.Build.0 = Release|Any CPU
		{60E2B5FB-5D89-4037-8B59-7E606CCEF97B}.Debug|Any CPU.ActiveCfg = Debug|Any CPU
		{60E2B5FB-5D89-4037-8B59-7E606CCEF97B}.Debug|Any CPU.Build.0 = Debug|Any CPU
		{60E2B5FB-5D89-4037-8B59-7E606CCEF97B}.Release|Any CPU.ActiveCfg = Release|Any CPU
		{60E2B5FB-5D89-4037-8B59-7E606CCEF97B}.Release|Any CPU.Build.0 = Release|Any CPU
		{EE656C3E-B1BD-4DC7-8069-C650FEAF7E1A}.Debug|Any CPU.ActiveCfg = Debug|Any CPU
		{EE656C3E-B1BD-4DC7-8069-C650FEAF7E1A}.Debug|Any CPU.Build.0 = Debug|Any CPU
		{EE656C3E-B1BD-4DC7-8069-C650FEAF7E1A}.Release|Any CPU.ActiveCfg = Release|Any CPU
		{EE656C3E-B1BD-4DC7-8069-C650FEAF7E1A}.Release|Any CPU.Build.0 = Release|Any CPU
		{EB468741-9931-42C7-BAD9-CD405C008DD2}.Debug|Any CPU.ActiveCfg = Debug|Any CPU
		{EB468741-9931-42C7-BAD9-CD405C008DD2}.Debug|Any CPU.Build.0 = Debug|Any CPU
		{EB468741-9931-42C7-BAD9-CD405C008DD2}.Release|Any CPU.ActiveCfg = Release|Any CPU
		{EB468741-9931-42C7-BAD9-CD405C008DD2}.Release|Any CPU.Build.0 = Release|Any CPU
		{FB1FD00B-8ED6-4ADA-B82B-3726EB3C06CD}.Debug|Any CPU.ActiveCfg = Debug|Any CPU
		{FB1FD00B-8ED6-4ADA-B82B-3726EB3C06CD}.Debug|Any CPU.Build.0 = Debug|Any CPU
		{FB1FD00B-8ED6-4ADA-B82B-3726EB3C06CD}.Release|Any CPU.ActiveCfg = Release|Any CPU
		{FB1FD00B-8ED6-4ADA-B82B-3726EB3C06CD}.Release|Any CPU.Build.0 = Release|Any CPU
		{2CBA0E1B-B9D5-4A67-8D2C-4F767FAE938F}.Debug|Any CPU.ActiveCfg = Debug|Any CPU
		{2CBA0E1B-B9D5-4A67-8D2C-4F767FAE938F}.Debug|Any CPU.Build.0 = Debug|Any CPU
		{2CBA0E1B-B9D5-4A67-8D2C-4F767FAE938F}.Release|Any CPU.ActiveCfg = Release|Any CPU
		{2CBA0E1B-B9D5-4A67-8D2C-4F767FAE938F}.Release|Any CPU.Build.0 = Release|Any CPU
		{C0F530F1-47AE-4935-AABF-010A8278BC98}.Debug|Any CPU.ActiveCfg = Debug|Any CPU
		{C0F530F1-47AE-4935-AABF-010A8278BC98}.Debug|Any CPU.Build.0 = Debug|Any CPU
		{C0F530F1-47AE-4935-AABF-010A8278BC98}.Release|Any CPU.ActiveCfg = Release|Any CPU
		{C0F530F1-47AE-4935-AABF-010A8278BC98}.Release|Any CPU.Build.0 = Release|Any CPU
		{369016FD-E783-4BB4-837B-92933C42E11C}.Debug|Any CPU.ActiveCfg = Debug|Any CPU
		{369016FD-E783-4BB4-837B-92933C42E11C}.Debug|Any CPU.Build.0 = Debug|Any CPU
		{369016FD-E783-4BB4-837B-92933C42E11C}.Release|Any CPU.ActiveCfg = Release|Any CPU
		{369016FD-E783-4BB4-837B-92933C42E11C}.Release|Any CPU.Build.0 = Release|Any CPU
	EndGlobalSection
	GlobalSection(SolutionProperties) = preSolution
		HideSolutionNode = FALSE
	EndGlobalSection
	GlobalSection(NestedProjects) = preSolution
		{EB468741-9931-42C7-BAD9-CD405C008DD2} = {A60806B4-F1A7-4246-BF21-C10F4F792E22}
		{FB1FD00B-8ED6-4ADA-B82B-3726EB3C06CD} = {A60806B4-F1A7-4246-BF21-C10F4F792E22}
		{2CBA0E1B-B9D5-4A67-8D2C-4F767FAE938F} = {A60806B4-F1A7-4246-BF21-C10F4F792E22}
		{C0F530F1-47AE-4935-AABF-010A8278BC98} = {A60806B4-F1A7-4246-BF21-C10F4F792E22}
		{369016FD-E783-4BB4-837B-92933C42E11C} = {A60806B4-F1A7-4246-BF21-C10F4F792E22}
	EndGlobalSection
	GlobalSection(ExtensibilityGlobals) = postSolution
		SolutionGuid = {C59CA8B4-5491-4298-ADEB-5DA3DF562AB5}
	EndGlobalSection
EndGlobal
